
Microsoft Visual Studio Solution File, Format Version 12.00
# Visual Studio Version 16
VisualStudioVersion = 16.0.30907.101
MinimumVisualStudioVersion = 10.0.40219.1
Project("{9A19103F-16F7-4668-BE54-9A1E7A4F7556}") = "BlazorBarcodeSample", "BlazorBarcodeSample.csproj", "{78322FB2-B9CB-405A-A47B-2D0A5FD23DAD}"
EndProject
Global
	GlobalSection(SolutionConfigurationPlatforms) = preSolution
		Debug|Any CPU = Debug|Any CPU
		Release|Any CPU = Release|Any CPU
	EndGlobalSection
	GlobalSection(ProjectConfigurationPlatforms) = postSolution
		{78322FB2-B9CB-405A-A47B-2D0A5FD23DAD}.Debug|Any CPU.ActiveCfg = Debug|Any CPU
		{78322FB2-B9CB-405A-A47B-2D0A5FD23DAD}.Debug|Any CPU.Build.0 = Debug|Any CPU
		{78322FB2-B9CB-405A-A47B-2D0A5FD23DAD}.Release|Any CPU.ActiveCfg = Release|Any CPU
		{78322FB2-B9CB-405A-A47B-2D0A5FD23DAD}.Release|Any CPU.Build.0 = Release|Any CPU
	EndGlobalSection
	GlobalSection(SolutionProperties) = preSolution
		HideSolutionNode = FALSE
	EndGlobalSection
	GlobalSection(ExtensibilityGlobals) = postSolution
		SolutionGuid = {A84D76C2-35FF-4F85-B92E-D10C0BA70A79}
	EndGlobalSection
EndGlobal
